
Microsoft Visual Studio Solution File, Format Version 12.00
# Visual Studio Version 16
VisualStudioVersion = 16.0.32002.261
MinimumVisualStudioVersion = 10.0.40219.1
Project("{9A19103F-16F7-4668-BE54-9A1E7A4F7556}") = "GeoLib", "GeoLib\GeoLib.csproj", "{6F348FF8-9D14-4C28-A616-D268B91F3A6B}"
EndProject
Project("{9A19103F-16F7-4668-BE54-9A1E7A4F7556}") = "GeoApp", "GeoApp\GeoApp.csproj", "{B6CB5E73-F8F8-481D-B08E-5C7ACC6BD1ED}"
EndProject
Project("{FAE04EC0-301F-11D3-BF4B-00C04F79EFBC}") = "TestCircle", "TestCircle\TestCircle.csproj", "{74DD3A63-59F8-4BC3-817F-16752481BF98}"
EndProject
Project("{FAE04EC0-301F-11D3-BF4B-00C04F79EFBC}") = "TestTreug", "TestTreug\TestTreug.csproj", "{6A482376-428C-4104-9922-DF0C5C45209D}"
EndProject
Global
	GlobalSection(SolutionConfigurationPlatforms) = preSolution
		Debug|Any CPU = Debug|Any CPU
		Release|Any CPU = Release|Any CPU
	EndGlobalSection
	GlobalSection(ProjectConfigurationPlatforms) = postSolution
		{6F348FF8-9D14-4C28-A616-D268B91F3A6B}.Debug|Any CPU.ActiveCfg = Debug|Any CPU
		{6F348FF8-9D14-4C28-A616-D268B91F3A6B}.Debug|Any CPU.Build.0 = Debug|Any CPU
		{6F348FF8-9D14-4C28-A616-D268B91F3A6B}.Release|Any CPU.ActiveCfg = Release|Any CPU
		{6F348FF8-9D14-4C28-A616-D268B91F3A6B}.Release|Any CPU.Build.0 = Release|Any CPU
		{B6CB5E73-F8F8-481D-B08E-5C7ACC6BD1ED}.Debug|Any CPU.ActiveCfg = Debug|Any CPU
		{B6CB5E73-F8F8-481D-B08E-5C7ACC6BD1ED}.Debug|Any CPU.Build.0 = Debug|Any CPU
		{B6CB5E73-F8F8-481D-B08E-5C7ACC6BD1ED}.Release|Any CPU.ActiveCfg = Release|Any CPU
		{B6CB5E73-F8F8-481D-B08E-5C7ACC6BD1ED}.Release|Any CPU.Build.0 = Release|Any CPU
		{74DD3A63-59F8-4BC3-817F-16752481BF98}.Debug|Any CPU.ActiveCfg = Debug|Any CPU
		{74DD3A63-59F8-4BC3-817F-16752481BF98}.Debug|Any CPU.Build.0 = Debug|Any CPU
		{74DD3A63-59F8-4BC3-817F-16752481BF98}.Release|Any CPU.ActiveCfg = Release|Any CPU
		{74DD3A63-59F8-4BC3-817F-16752481BF98}.Release|Any CPU.Build.0 = Release|Any CPU
		{6A482376-428C-4104-9922-DF0C5C45209D}.Debug|Any CPU.ActiveCfg = Debug|Any CPU
		{6A482376-428C-4104-9922-DF0C5C45209D}.Debug|Any CPU.Build.0 = Debug|Any CPU
		{6A482376-428C-4104-9922-DF0C5C45209D}.Release|Any CPU.ActiveCfg = Release|Any CPU
		{6A482376-428C-4104-9922-DF0C5C45209D}.Release|Any CPU.Build.0 = Release|Any CPU
	EndGlobalSection
	GlobalSection(SolutionProperties) = preSolution
		HideSolutionNode = FALSE
	EndGlobalSection
	GlobalSection(ExtensibilityGlobals) = postSolution
		SolutionGuid = {1C2077F5-B55E-43B3-B268-2C968F4EDDFF}
	EndGlobalSection
EndGlobal
